
Microsoft Visual Studio Solution File, Format Version 12.00
# Visual Studio Version 16
VisualStudioVersion = 16.0.31624.102
MinimumVisualStudioVersion = 10.0.40219.1
Project("{FAE04EC0-301F-11D3-BF4B-00C04F79EFBC}") = "logov_files", "logov_files\logov_files.csproj", "{1825B091-E2FC-430F-A5B0-09F83A88799B}"
EndProject
Global
	GlobalSection(SolutionConfigurationPlatforms) = preSolution
		Debug|Any CPU = Debug|Any CPU
		Release|Any CPU = Release|Any CPU
	EndGlobalSection
	GlobalSection(ProjectConfigurationPlatforms) = postSolution
		{1825B091-E2FC-430F-A5B0-09F83A88799B}.Debug|Any CPU.ActiveCfg = Debug|Any CPU
		{1825B091-E2FC-430F-A5B0-09F83A88799B}.Debug|Any CPU.Build.0 = Debug|Any CPU
		{1825B091-E2FC-430F-A5B0-09F83A88799B}.Release|Any CPU.ActiveCfg = Release|Any CPU
		{1825B091-E2FC-430F-A5B0-09F83A88799B}.Release|Any CPU.Build.0 = Release|Any CPU
	EndGlobalSection
	GlobalSection(SolutionProperties) = preSolution
		HideSolutionNode = FALSE
	EndGlobalSection
	GlobalSection(ExtensibilityGlobals) = postSolution
		SolutionGuid = {FA859A07-7469-4A3E-9D55-6845B3250031}
	EndGlobalSection
EndGlobal
